
Microsoft Visual Studio Solution File, Format Version 12.00
# Visual Studio Version 17
VisualStudioVersion = 17.3.32819.101
MinimumVisualStudioVersion = 10.0.40219.1
Project("{FAE04EC0-301F-11D3-BF4B-00C04F79EFBC}") = "BuytDaLat", "BuytDaLat\BuytDaLat.csproj", "{5611465D-F896-4541-8983-031BEF9F0CF5}"
EndProject
Global
	GlobalSection(SolutionConfigurationPlatforms) = preSolution
		Debug|Any CPU = Debug|Any CPU
		Release|Any CPU = Release|Any CPU
	EndGlobalSection
	GlobalSection(ProjectConfigurationPlatforms) = postSolution
		{5611465D-F896-4541-8983-031BEF9F0CF5}.Debug|Any CPU.ActiveCfg = Debug|Any CPU
		{5611465D-F896-4541-8983-031BEF9F0CF5}.Debug|Any CPU.Build.0 = Debug|Any CPU
		{5611465D-F896-4541-8983-031BEF9F0CF5}.Release|Any CPU.ActiveCfg = Release|Any CPU
		{5611465D-F896-4541-8983-031BEF9F0CF5}.Release|Any CPU.Build.0 = Release|Any CPU
	EndGlobalSection
	GlobalSection(SolutionProperties) = preSolution
		HideSolutionNode = FALSE
	EndGlobalSection
	GlobalSection(ExtensibilityGlobals) = postSolution
		SolutionGuid = {42185F61-B7DA-424E-B861-5F3E82A6D5BB}
	EndGlobalSection
EndGlobal
